// !$*UTF8*$!
{
	archiveVersion = 1;
	classes = {
	};
	objectVersion = 55;
	objects = {

/* Begin PBXBuildFile section */
		E253076F28BA1DB000C723A9 /* AppDelegate.swift in Sources */ = {isa = PBXBuildFile; fileRef = E253076E28BA1DB000C723A9 /* AppDelegate.swift */; };
		E253077128BA1DB000C723A9 /* SceneDelegate.swift in Sources */ = {isa = PBXBuildFile; fileRef = E253077028BA1DB000C723A9 /* SceneDelegate.swift */; };
		E253077328BA1DB000C723A9 /* ViewController.swift in Sources */ = {isa = PBXBuildFile; fileRef = E253077228BA1DB000C723A9 /* ViewController.swift */; };
		E253077628BA1DB000C723A9 /* Main.storyboard in Resources */ = {isa = PBXBuildFile; fileRef = E253077428BA1DB000C723A9 /* Main.storyboard */; };
		E253077828BA1DB200C723A9 /* Assets.xcassets in Resources */ = {isa = PBXBuildFile; fileRef = E253077728BA1DB200C723A9 /* Assets.xcassets */; };
		E253077B28BA1DB200C723A9 /* LaunchScreen.storyboard in Resources */ = {isa = PBXBuildFile; fileRef = E253077928BA1DB200C723A9 /* LaunchScreen.storyboard */; };
		E253078428BA1DD100C723A9 /* success.json in Resources */ = {isa = PBXBuildFile; fileRef = E253078328BA1DD100C723A9 /* success.json */; };
		E253078728BA1E1500C723A9 /* Lottie in Frameworks */ = {isa = PBXBuildFile; productRef = E253078628BA1E1500C723A9 /* Lottie */; };
/* End PBXBuildFile section */

/* Begin PBXFileReference section */
		E253076B28BA1DB000C723A9 /* LottieExample.app */ = {isa = PBXFileReference; explicitFileType = wrapper.application; includeInIndex = 0; path = LottieExample.app; sourceTree = BUILT_PRODUCTS_DIR; };
		E253076E28BA1DB000C723A9 /* AppDelegate.swift */ = {isa = PBXFileReference; lastKnownFileType = sourcecode.swift; path = AppDelegate.swift; sourceTree = "<group>"; };
		E253077028BA1DB000C723A9 /* SceneDelegate.swift */ = {isa = PBXFileReference; lastKnownFileType = sourcecode.swift; path = SceneDelegate.swift; sourceTree = "<group>"; };
		E253077228BA1DB000C723A9 /* ViewController.swift */ = {isa = PBXFileReference; lastKnownFileType = sourcecode.swift; path = ViewController.swift; sourceTree = "<group>"; };
		E253077528BA1DB000C723A9 /* Base */ = {isa = PBXFileReference; lastKnownFileType = file.storyboard; name = Base; path = Base.lproj/Main.storyboard; sourceTree = "<group>"; };
		E253077728BA1DB200C723A9 /* Assets.xcassets */ = {isa = PBXFileReference; lastKnownFileType = folder.assetcatalog; path = Assets.xcassets; sourceTree = "<group>"; };
		E253077A28BA1DB200C723A9 /* Base */ = {isa = PBXFileReference; lastKnownFileType = file.storyboard; name = Base; path = Base.lproj/LaunchScreen.storyboard; sourceTree = "<group>"; };
		E253077C28BA1DB200C723A9 /* Info.plist */ = {isa = PBXFileReference; lastKnownFileType = text.plist.xml; path = Info.plist; sourceTree = "<group>"; };
		E253078328BA1DD100C723A9 /* success.json */ = {isa = PBXFileReference; fileEncoding = 4; lastKnownFileType = text.json; path = success.json; sourceTree = "<group>"; };
/* End PBXFileReference section */

/* Begin PBXFrameworksBuildPhase section */
		E253076828BA1DB000C723A9 /* Frameworks */ = {
			isa = PBXFrameworksBuildPhase;
			buildActionMask = 2147483647;
			files = (
				E253078728BA1E1500C723A9 /* Lottie in Frameworks */,
			);
			runOnlyForDeploymentPostprocessing = 0;
		};
/* End PBXFrameworksBuildPhase section */

/* Begin PBXGroup section */
		E253076228BA1DB000C723A9 = {
			isa = PBXGroup;
			children = (
				E253076D28BA1DB000C723A9 /* LottieExample */,
				E253076C28BA1DB000C723A9 /* Products */,
			);
			sourceTree = "<group>";
		};
		E253076C28BA1DB000C723A9 /* Products */ = {
			isa = PBXGroup;
			children = (
				E253076B28BA1DB000C723A9 /* LottieExample.app */,
			);
			name = Products;
			sourceTree = "<group>";
		};
		E253076D28BA1DB000C723A9 /* LottieExample */ = {
			isa = PBXGroup;
			children = (
				E253078828BA1E1A00C723A9 /* App */,
				E253078928BA1E2A00C723A9 /* Resources */,
				E253078228BA1DC300C723A9 /* LottieFiles */,
				E253077228BA1DB000C723A9 /* ViewController.swift */,
				E253077428BA1DB000C723A9 /* Main.storyboard */,
				E253077928BA1DB200C723A9 /* LaunchScreen.storyboard */,
				E253077C28BA1DB200C723A9 /* Info.plist */,
			);
			path = LottieExample;
			sourceTree = "<group>";
		};
		E253078228BA1DC300C723A9 /* LottieFiles */ = {
			isa = PBXGroup;
			children = (
				E253078328BA1DD100C723A9 /* success.json */,
			);
			path = LottieFiles;
			sourceTree = "<group>";
		};
		E253078828BA1E1A00C723A9 /* App */ = {
			isa = PBXGroup;
			children = (
				E253076E28BA1DB000C723A9 /* AppDelegate.swift */,
				E253077028BA1DB000C723A9 /* SceneDelegate.swift */,
			);
			path = App;
			sourceTree = "<group>";
		};
		E253078928BA1E2A00C723A9 /* Resources */ = {
			isa = PBXGroup;
			children = (
				E253077728BA1DB200C723A9 /* Assets.xcassets */,
			);
			path = Resources;
			sourceTree = "<group>";
		};
/* End PBXGroup section */

/* Begin PBXNativeTarget section */
		E253076A28BA1DB000C723A9 /* LottieExample */ = {
			isa = PBXNativeTarget;
			buildConfigurationList = E253077F28BA1DB200C723A9 /* Build configuration list for PBXNativeTarget "LottieExample" */;
			buildPhases = (
				E253076728BA1DB000C723A9 /* Sources */,
				E253076828BA1DB000C723A9 /* Frameworks */,
				E253076928BA1DB000C723A9 /* Resources */,
			);
			buildRules = (
			);
			dependencies = (
			);
			name = LottieExample;
			packageProductDependencies = (
				E253078628BA1E1500C723A9 /* Lottie */,
			);
			productName = LottieExample;
			productReference = E253076B28BA1DB000C723A9 /* LottieExample.app */;
			productType = "com.apple.product-type.application";
		};
/* End PBXNativeTarget section */

/* Begin PBXProject section */
		E253076328BA1DB000C723A9 /* Project object */ = {
			isa = PBXProject;
			attributes = {
				BuildIndependentTargetsInParallel = 1;
				LastSwiftUpdateCheck = 1340;
				LastUpgradeCheck = 1340;
				TargetAttributes = {
					E253076A28BA1DB000C723A9 = {
						CreatedOnToolsVersion = 13.4.1;
					};
				};
			};
			buildConfigurationList = E253076628BA1DB000C723A9 /* Build configuration list for PBXProject "LottieExample" */;
			compatibilityVersion = "Xcode 13.0";
			developmentRegion = en;
			hasScannedForEncodings = 0;
			knownRegions = (
				en,
				Base,
			);
			mainGroup = E253076228BA1DB000C723A9;
			packageReferences = (
				E253078528BA1E1500C723A9 /* XCRemoteSwiftPackageReference "lottie-ios" */,
			);
			productRefGroup = E253076C28BA1DB000C723A9 /* Products */;
			projectDirPath = "";
			projectRoot = "";
			targets = (
				E253076A28BA1DB000C723A9 /* LottieExample */,
			);
		};
/* End PBXProject section */

/* Begin PBXResourcesBuildPhase section */
		E253076928BA1DB000C723A9 /* Resources */ = {
			isa = PBXResourcesBuildPhase;
			buildActionMask = 2147483647;
			files = (
				E253077B28BA1DB200C723A9 /* LaunchScreen.storyboard in Resources */,
				E253078428BA1DD100C723A9 /* success.json in Resources */,
				E253077828BA1DB200C723A9 /* Assets.xcassets in Resources */,
				E253077628BA1DB000C723A9 /* Main.storyboard in Resources */,
			);
			runOnlyForDeploymentPostprocessing = 0;
		};
/* End PBXResourcesBuildPhase section */

/* Begin PBXSourcesBuildPhase section */
		E253076728BA1DB000C723A9 /* Sources */ = {
			isa = PBXSourcesBuildPhase;
			buildActionMask = 2147483647;
			files = (
				E253077328BA1DB000C723A9 /* ViewController.swift in Sources */,
				E253076F28BA1DB000C723A9 /* AppDelegate.swift in Sources */,
				E253077128BA1DB000C723A9 /* SceneDelegate.swift in Sources */,
			);
			runOnlyForDeploymentPostprocessing = 0;
		};
/* End PBXSourcesBuildPhase section */

/* Begin PBXVariantGroup section */
		E253077428BA1DB000C723A9 /* Main.storyboard */ = {
			isa = PBXVariantGroup;
			children = (
				E253077528BA1DB000C723A9 /* Base */,
			);
			name = Main.storyboard;
			sourceTree = "<group>";
		};
		E253077928BA1DB200C723A9 /* LaunchScreen.storyboard */ = {
			isa = PBXVariantGroup;
			children = (
				E253077A28BA1DB200C723A9 /* Base */,
			);
			name = LaunchScreen.storyboard;
			sourceTree = "<group>";
		};
/* End PBXVariantGroup section */

/* Begin XCBuildConfiguration section */
		E253077D28BA1DB200C723A9 /* Debug */ = {
			isa = XCBuildConfiguration;
			buildSettings = {
				ALWAYS_SEARCH_USER_PATHS = NO;
				CLANG_ANALYZER_NONNULL = YES;
				CLANG_ANALYZER_NUMBER_OBJECT_CONVERSION = YES_AGGRESSIVE;
				CLANG_CXX_LANGUAGE_STANDARD = "gnu++17";
				CLANG_ENABLE_MODULES = YES;
				CLANG_ENABLE_OBJC_ARC = YES;
				CLANG_ENABLE_OBJC_WEAK = YES;
				CLANG_WARN_BLOCK_CAPTURE_AUTORELEASING = YES;
				CLANG_WARN_BOOL_CONVERSION = YES;
				CLANG_WARN_COMMA = YES;
				CLANG_WARN_CONSTANT_CONVERSION = YES;
				CLANG_WARN_DEPRECATED_OBJC_IMPLEMENTATIONS = YES;
				CLANG_WARN_DIRECT_OBJC_ISA_USAGE = YES_ERROR;
				CLANG_WARN_DOCUMENTATION_COMMENTS = YES;
				CLANG_WARN_EMPTY_BODY = YES;
				CLANG_WARN_ENUM_CONVERSION = YES;
				CLANG_WARN_INFINITE_RECURSION = YES;
				CLANG_WARN_INT_CONVERSION = YES;
				CLANG_WARN_NON_LITERAL_NULL_CONVERSION = YES;
				CLANG_WARN_OBJC_IMPLICIT_RETAIN_SELF = YES;
				CLANG_WARN_OBJC_LITERAL_CONVERSION = YES;
				CLANG_WARN_OBJC_ROOT_CLASS = YES_ERROR;
				CLANG_WARN_QUOTED_INCLUDE_IN_FRAMEWORK_HEADER = YES;
				CLANG_WARN_RANGE_LOOP_ANALYSIS = YES;
				CLANG_WARN_STRICT_PROTOTYPES = YES;
				CLANG_WARN_SUSPICIOUS_MOVE = YES;
				CLANG_WARN_UNGUARDED_AVAILABILITY = YES_AGGRESSIVE;
				CLANG_WARN_UNREACHABLE_CODE = YES;
				CLANG_WARN__DUPLICATE_METHOD_MATCH = YES;
				COPY_PHASE_STRIP = NO;
				DEBUG_INFORMATION_FORMAT = dwarf;
				ENABLE_STRICT_OBJC_MSGSEND = YES;
				ENABLE_TESTABILITY = YES;
				GCC_C_LANGUAGE_STANDARD = gnu11;
				GCC_DYNAMIC_NO_PIC = NO;
				GCC_NO_COMMON_BLOCKS = YES;
				GCC_OPTIMIZATION_LEVEL = 0;
				GCC_PREPROCESSOR_DEFINITIONS = (
					"DEBUG=1",
					"$(inherited)",
				);
				GCC_WARN_64_TO_32_BIT_CONVERSION = YES;
				GCC_WARN_ABOUT_RETURN_TYPE = YES_ERROR;
				GCC_WARN_UNDECLARED_SELECTOR = YES;
				GCC_WARN_UNINITIALIZED_AUTOS = YES_AGGRESSIVE;
				GCC_WARN_UNUSED_FUNCTION = YES;
				GCC_WARN_UNUSED_VARIABLE = YES;
				IPHONEOS_DEPLOYMENT_TARGET = 15.5;
				MTL_ENABLE_DEBUG_INFO = INCLUDE_SOURCE;
				MTL_FAST_MATH = YES;
				ONLY_ACTIVE_ARCH = YES;
				SDKROOT = iphoneos;
				SWIFT_ACTIVE_COMPILATION_CONDITIONS = DEBUG;
				SWIFT_OPTIMIZATION_LEVEL = "-Onone";
			};
			name = Debug;
		};
		E253077E28BA1DB200C723A9 /* Release */ = {
			isa = XCBuildConfiguration;
			buildSettings = {
				ALWAYS_SEARCH_USER_PATHS = NO;
				CLANG_ANALYZER_NONNULL = YES;
				CLANG_ANALYZER_NUMBER_OBJECT_CONVERSION = YES_AGGRESSIVE;
				CLANG_CXX_LANGUAGE_STANDARD = "gnu++17";
				CLANG_ENABLE_MODULES = YES;
				CLANG_ENABLE_OBJC_ARC = YES;
				CLANG_ENABLE_OBJC_WEAK = YES;
				CLANG_WARN_BLOCK_CAPTURE_AUTORELEASING = YES;
				CLANG_WARN_BOOL_CONVERSION = YES;
				CLANG_WARN_COMMA = YES;
				CLANG_WARN_CONSTANT_CONVERSION = YES;
				CLANG_WARN_DEPRECATED_OBJC_IMPLEMENTATIONS = YES;
				CLANG_WARN_DIRECT_OBJC_ISA_USAGE = YES_ERROR;
				CLANG_WARN_DOCUMENTATION_COMMENTS = YES;
				CLANG_WARN_EMPTY_BODY = YES;
				CLANG_WARN_ENUM_CONVERSION = YES;
				CLANG_WARN_INFINITE_RECURSION = YES;
				CLANG_WARN_INT_CONVERSION = YES;
				CLANG_WARN_NON_LITERAL_NULL_CONVERSION = YES;
				CLANG_WARN_OBJC_IMPLICIT_RETAIN_SELF = YES;
				CLANG_WARN_OBJC_LITERAL_CONVERSION = YES;
				CLANG_WARN_OBJC_ROOT_CLASS = YES_ERROR;
				CLANG_WARN_QUOTED_INCLUDE_IN_FRAMEWORK_HEADER = YES;
				CLANG_WARN_RANGE_LOOP_ANALYSIS = YES;
				CLANG_WARN_STRICT_PROTOTYPES = YES;
				CLANG_WARN_SUSPICIOUS_MOVE = YES;
				CLANG_WARN_UNGUARDED_AVAILABILITY = YES_AGGRESSIVE;
				CLANG_WARN_UNREACHABLE_CODE = YES;
				CLANG_WARN__DUPLICATE_METHOD_MATCH = YES;
				COPY_PHASE_STRIP = NO;
				DEBUG_INFORMATION_FORMAT = "dwarf-with-dsym";
				ENABLE_NS_ASSERTIONS = NO;
				ENABLE_STRICT_OBJC_MSGSEND = YES;
				GCC_C_LANGUAGE_STANDARD = gnu11;
				GCC_NO_COMMON_BLOCKS = YES;
				GCC_WARN_64_TO_32_BIT_CONVERSION = YES;
				GCC_WARN_ABOUT_RETURN_TYPE = YES_ERROR;
				GCC_WARN_UNDECLARED_SELECTOR = YES;
				GCC_WARN_UNINITIALIZED_AUTOS = YES_AGGRESSIVE;
				GCC_WARN_UNUSED_FUNCTION = YES;
				GCC_WARN_UNUSED_VARIABLE = YES;
				IPHONEOS_DEPLOYMENT_TARGET = 15.5;
				MTL_ENABLE_DEBUG_INFO = NO;
				MTL_FAST_MATH = YES;
				SDKROOT = iphoneos;
				SWIFT_COMPILATION_MODE = wholemodule;
				SWIFT_OPTIMIZATION_LEVEL = "-O";
				VALIDATE_PRODUCT = YES;
			};
			name = Release;
		};
		E253078028BA1DB200C723A9 /* Debug */ = {
			isa = XCBuildConfiguration;
			buildSettings = {
				ASSETCATALOG_COMPILER_APPICON_NAME = AppIcon;
				ASSETCATALOG_COMPILER_GLOBAL_ACCENT_COLOR_NAME = AccentColor;
				CODE_SIGN_STYLE = Automatic;
				CURRENT_PROJECT_VERSION = 1;
				GENERATE_INFOPLIST_FILE = YES;
				INFOPLIST_FILE = LottieExample/Info.plist;
				INFOPLIST_KEY_UIApplicationSupportsIndirectInputEvents = YES;
				INFOPLIST_KEY_UILaunchStoryboardName = LaunchScreen;
				INFOPLIST_KEY_UIMainStoryboardFile = Main;
				INFOPLIST_KEY_UISupportedInterfaceOrientations_iPad = "UIInterfaceOrientationPortrait UIInterfaceOrientationPortraitUpsideDown UIInterfaceOrientationLandscapeLeft UIInterfaceOrientationLandscapeRight";
				INFOPLIST_KEY_UISupportedInterfaceOrientations_iPhone = "UIInterfaceOrientationPortrait UIInterfaceOrientationLandscapeLeft UIInterfaceOrientationLandscapeRight";
				LD_RUNPATH_SEARCH_PATHS = (
					"$(inherited)",
					"@executable_path/Frameworks",
				);
				MARKETING_VERSION = 1.0;
				PRODUCT_BUNDLE_IDENTIFIER = com.oscargarrucho.LottieExample;
				PRODUCT_NAME = "$(TARGET_NAME)";
				SWIFT_EMIT_LOC_STRINGS = YES;
				SWIFT_VERSION = 5.0;
				TARGETED_DEVICE_FAMILY = "1,2";
			};
			name = Debug;
		};
		E253078128BA1DB200C723A9 /* Release */ = {
			isa = XCBuildConfiguration;
			buildSettings = {
				ASSETCATALOG_COMPILER_APPICON_NAME = AppIcon;
				ASSETCATALOG_COMPILER_GLOBAL_ACCENT_COLOR_NAME = AccentColor;
				CODE_SIGN_STYLE = Automatic;
				CURRENT_PROJECT_VERSION = 1;
				GENERATE_INFOPLIST_FILE = YES;
				INFOPLIST_FILE = LottieExample/Info.plist;
				INFOPLIST_KEY_UIApplicationSupportsIndirectInputEvents = YES;
				INFOPLIST_KEY_UILaunchStoryboardName = LaunchScreen;
				INFOPLIST_KEY_UIMainStoryboardFile = Main;
				INFOPLIST_KEY_UISupportedInterfaceOrientations_iPad = "UIInterfaceOrientationPortrait UIInterfaceOrientationPortraitUpsideDown UIInterfaceOrientationLandscapeLeft UIInterfaceOrientationLandscapeRight";
				INFOPLIST_KEY_UISupportedInterfaceOrientations_iPhone = "UIInterfaceOrientationPortrait UIInterfaceOrientationLandscapeLeft UIInterfaceOrientationLandscapeRight";
				LD_RUNPATH_SEARCH_PATHS = (
					"$(inherited)",
					"@executable_path/Frameworks",
				);
				MARKETING_VERSION = 1.0;
				PRODUCT_BUNDLE_IDENTIFIER = com.oscargarrucho.LottieExample;
				PRODUCT_NAME = "$(TARGET_NAME)";
				SWIFT_EMIT_LOC_STRINGS = YES;
				SWIFT_VERSION = 5.0;
				TARGETED_DEVICE_FAMILY = "1,2";
			};
			name = Release;
		};
/* End XCBuildConfiguration section */

/* Begin XCConfigurationList section */
		E253076628BA1DB000C723A9 /* Build configuration list for PBXProject "LottieExample" */ = {
			isa = XCConfigurationList;
			buildConfigurations = (
				E253077D28BA1DB200C723A9 /* Debug */,
				E253077E28BA1DB200C723A9 /* Release */,
			);
			defaultConfigurationIsVisible = 0;
			defaultConfigurationName = Release;
		};
		E253077F28BA1DB200C723A9 /* Build configuration list for PBXNativeTarget "LottieExample" */ = {
			isa = XCConfigurationList;
			buildConfigurations = (
				E253078028BA1DB200C723A9 /* Debug */,
				E253078128BA1DB200C723A9 /* Release */,
			);
			defaultConfigurationIsVisible = 0;
			defaultConfigurationName = Release;
		};
/* End XCConfigurationList section */

/* Begin XCRemoteSwiftPackageReference section */
		E253078528BA1E1500C723A9 /* XCRemoteSwiftPackageReference "lottie-ios" */ = {
			isa = XCRemoteSwiftPackageReference;
			repositoryURL = "https://github.com/airbnb/lottie-ios.git";
			requirement = {
				kind = upToNextMinorVersion;
				minimumVersion = 3.4.2;
			};
		};
/* End XCRemoteSwiftPackageReference section */

/* Begin XCSwiftPackageProductDependency section */
		E253078628BA1E1500C723A9 /* Lottie */ = {
			isa = XCSwiftPackageProductDependency;
			package = E253078528BA1E1500C723A9 /* XCRemoteSwiftPackageReference "lottie-ios" */;
			productName = Lottie;
		};
/* End XCSwiftPackageProductDependency section */
	};
	rootObject = E253076328BA1DB000C723A9 /* Project object */;
}
